
Microsoft Visual Studio Solution File, Format Version 11.00
# Visual Studio 2010
Project("{FAE04EC0-301F-11D3-BF4B-00C04F79EFBC}") = "AVICaptureTest", "AVICaptureTest\AVICaptureTest.csproj", "{5157E869-80DB-4660-A230-C0E7A1B41A5F}"
EndProject
Project("{FAE04EC0-301F-11D3-BF4B-00C04F79EFBC}") = "AVICapWrapper", "AVICapWrapper\AVICapWrapper.csproj", "{7C2B4749-2C06-4C94-A03D-4FBF309BEAF2}"
EndProject
Global
	GlobalSection(SolutionConfigurationPlatforms) = preSolution
		Debug|Any CPU = Debug|Any CPU
		Release|Any CPU = Release|Any CPU
	EndGlobalSection
	GlobalSection(ProjectConfigurationPlatforms) = postSolution
		{5157E869-80DB-4660-A230-C0E7A1B41A5F}.Debug|Any CPU.ActiveCfg = Debug|Any CPU
		{5157E869-80DB-4660-A230-C0E7A1B41A5F}.Debug|Any CPU.Build.0 = Debug|Any CPU
		{5157E869-80DB-4660-A230-C0E7A1B41A5F}.Release|Any CPU.ActiveCfg = Release|Any CPU
		{5157E869-80DB-4660-A230-C0E7A1B41A5F}.Release|Any CPU.Build.0 = Release|Any CPU
		{7C2B4749-2C06-4C94-A03D-4FBF309BEAF2}.Debug|Any CPU.ActiveCfg = Debug|Any CPU
		{7C2B4749-2C06-4C94-A03D-4FBF309BEAF2}.Debug|Any CPU.Build.0 = Debug|Any CPU
		{7C2B4749-2C06-4C94-A03D-4FBF309BEAF2}.Release|Any CPU.ActiveCfg = Release|Any CPU
		{7C2B4749-2C06-4C94-A03D-4FBF309BEAF2}.Release|Any CPU.Build.0 = Release|Any CPU
	EndGlobalSection
	GlobalSection(SolutionProperties) = preSolution
		HideSolutionNode = FALSE
	EndGlobalSection
EndGlobal
